
Microsoft Visual Studio Solution File, Format Version 12.00
# Visual Studio 15
VisualStudioVersion = 15.0.28307.1145
MinimumVisualStudioVersion = 10.0.40219.1
Project("{9A19103F-16F7-4668-BE54-9A1E7A4F7556}") = "WebApplication29", "WebApplication29\WebApplication29.csproj", "{F3F75C31-AF21-4B45-B84B-626BF3199FBE}"
EndProject
Project("{FAE04EC0-301F-11D3-BF4B-00C04F79EFBC}") = "ClassLibraryUsed", "ClassLibraryUsed\ClassLibraryUsed.csproj", "{729554C2-5D4C-4951-91F2-64074D00FEAD}"
EndProject
Project("{FAE04EC0-301F-11D3-BF4B-00C04F79EFBC}") = "NUnitTestProjectTest", "NUnitTestProjectTest\NUnitTestProjectTest.csproj", "{D4BB585E-4F54-49C5-84A5-45208685E317}"
EndProject
Global
	GlobalSection(SolutionConfigurationPlatforms) = preSolution
		Debug|Any CPU = Debug|Any CPU
		Release|Any CPU = Release|Any CPU
	EndGlobalSection
	GlobalSection(ProjectConfigurationPlatforms) = postSolution
		{F3F75C31-AF21-4B45-B84B-626BF3199FBE}.Debug|Any CPU.ActiveCfg = Debug|Any CPU
		{F3F75C31-AF21-4B45-B84B-626BF3199FBE}.Debug|Any CPU.Build.0 = Debug|Any CPU
		{F3F75C31-AF21-4B45-B84B-626BF3199FBE}.Release|Any CPU.ActiveCfg = Release|Any CPU
		{F3F75C31-AF21-4B45-B84B-626BF3199FBE}.Release|Any CPU.Build.0 = Release|Any CPU
		{729554C2-5D4C-4951-91F2-64074D00FEAD}.Debug|Any CPU.ActiveCfg = Debug|Any CPU
		{729554C2-5D4C-4951-91F2-64074D00FEAD}.Debug|Any CPU.Build.0 = Debug|Any CPU
		{729554C2-5D4C-4951-91F2-64074D00FEAD}.Release|Any CPU.ActiveCfg = Release|Any CPU
		{729554C2-5D4C-4951-91F2-64074D00FEAD}.Release|Any CPU.Build.0 = Release|Any CPU
		{D4BB585E-4F54-49C5-84A5-45208685E317}.Debug|Any CPU.ActiveCfg = Debug|Any CPU
		{D4BB585E-4F54-49C5-84A5-45208685E317}.Debug|Any CPU.Build.0 = Debug|Any CPU
		{D4BB585E-4F54-49C5-84A5-45208685E317}.Release|Any CPU.ActiveCfg = Release|Any CPU
		{D4BB585E-4F54-49C5-84A5-45208685E317}.Release|Any CPU.Build.0 = Release|Any CPU
	EndGlobalSection
	GlobalSection(SolutionProperties) = preSolution
		HideSolutionNode = FALSE
	EndGlobalSection
	GlobalSection(ExtensibilityGlobals) = postSolution
		SolutionGuid = {128AD00C-409B-46D7-B823-05CBE89B5289}
	EndGlobalSection
EndGlobal
